
Microsoft Visual Studio Solution File, Format Version 12.00
# Visual Studio Version 16
VisualStudioVersion = 16.0.29424.173
MinimumVisualStudioVersion = 10.0.40219.1
Project("{9A19103F-16F7-4668-BE54-9A1E7A4F7556}") = "Icarus.Logic", "Icarus.Logic\Icarus.Logic.csproj", "{647190E6-FF0B-4D9E-B396-FCB2C2E05286}"
EndProject
Project("{FAE04EC0-301F-11D3-BF4B-00C04F79EFBC}") = "Icarus", "Icarus\Icarus.csproj", "{A4C9126E-558E-47E3-911C-CA2EBD52889E}"
EndProject
Global
	GlobalSection(SolutionConfigurationPlatforms) = preSolution
		Debug|Any CPU = Debug|Any CPU
		Release|Any CPU = Release|Any CPU
	EndGlobalSection
	GlobalSection(ProjectConfigurationPlatforms) = postSolution
		{647190E6-FF0B-4D9E-B396-FCB2C2E05286}.Debug|Any CPU.ActiveCfg = Debug|Any CPU
		{647190E6-FF0B-4D9E-B396-FCB2C2E05286}.Debug|Any CPU.Build.0 = Debug|Any CPU
		{647190E6-FF0B-4D9E-B396-FCB2C2E05286}.Release|Any CPU.ActiveCfg = Release|Any CPU
		{647190E6-FF0B-4D9E-B396-FCB2C2E05286}.Release|Any CPU.Build.0 = Release|Any CPU
		{A4C9126E-558E-47E3-911C-CA2EBD52889E}.Debug|Any CPU.ActiveCfg = Debug|Any CPU
		{A4C9126E-558E-47E3-911C-CA2EBD52889E}.Debug|Any CPU.Build.0 = Debug|Any CPU
		{A4C9126E-558E-47E3-911C-CA2EBD52889E}.Release|Any CPU.ActiveCfg = Release|Any CPU
		{A4C9126E-558E-47E3-911C-CA2EBD52889E}.Release|Any CPU.Build.0 = Release|Any CPU
	EndGlobalSection
	GlobalSection(SolutionProperties) = preSolution
		HideSolutionNode = FALSE
	EndGlobalSection
	GlobalSection(ExtensibilityGlobals) = postSolution
		SolutionGuid = {C598264D-86BF-4260-A297-512B963F1189}
	EndGlobalSection
EndGlobal
